
Microsoft Visual Studio Solution File, Format Version 12.00
Project("{FAE04EC0-301F-11D3-BF4B-00C04F79EFBC}") = "APBD_Zaj8", "APBD_Zaj8\APBD_Zaj8.csproj", "{4C0D4305-DC35-47A0-BA7E-E551DB1846BB}"
EndProject
Project("{FAE04EC0-301F-11D3-BF4B-00C04F79EFBC}") = "Tests", "Tests\Tests.csproj", "{78DD5DCE-6DCD-4A23-959F-8DCF9C9C7659}"
EndProject
Global
	GlobalSection(SolutionConfigurationPlatforms) = preSolution
		Debug|Any CPU = Debug|Any CPU
		Release|Any CPU = Release|Any CPU
	EndGlobalSection
	GlobalSection(ProjectConfigurationPlatforms) = postSolution
		{4C0D4305-DC35-47A0-BA7E-E551DB1846BB}.Debug|Any CPU.ActiveCfg = Debug|Any CPU
		{4C0D4305-DC35-47A0-BA7E-E551DB1846BB}.Debug|Any CPU.Build.0 = Debug|Any CPU
		{4C0D4305-DC35-47A0-BA7E-E551DB1846BB}.Release|Any CPU.ActiveCfg = Release|Any CPU
		{4C0D4305-DC35-47A0-BA7E-E551DB1846BB}.Release|Any CPU.Build.0 = Release|Any CPU
		{78DD5DCE-6DCD-4A23-959F-8DCF9C9C7659}.Debug|Any CPU.ActiveCfg = Debug|Any CPU
		{78DD5DCE-6DCD-4A23-959F-8DCF9C9C7659}.Debug|Any CPU.Build.0 = Debug|Any CPU
		{78DD5DCE-6DCD-4A23-959F-8DCF9C9C7659}.Release|Any CPU.ActiveCfg = Release|Any CPU
		{78DD5DCE-6DCD-4A23-959F-8DCF9C9C7659}.Release|Any CPU.Build.0 = Release|Any CPU
	EndGlobalSection
EndGlobal
